
Microsoft Visual Studio Solution File, Format Version 12.00
# Visual Studio Version 17
VisualStudioVersion = 17.11.35222.181
MinimumVisualStudioVersion = 10.0.40219.1
Project("{FAE04EC0-301F-11D3-BF4B-00C04F79EFBC}") = "Semana15", "Semana15\Semana15.csproj", "{3B8EDAE9-EA03-496D-95A6-1403F6F62DCB}"
EndProject
Global
	GlobalSection(SolutionConfigurationPlatforms) = preSolution
		Debug|Any CPU = Debug|Any CPU
		Release|Any CPU = Release|Any CPU
	EndGlobalSection
	GlobalSection(ProjectConfigurationPlatforms) = postSolution
		{3B8EDAE9-EA03-496D-95A6-1403F6F62DCB}.Debug|Any CPU.ActiveCfg = Debug|Any CPU
		{3B8EDAE9-EA03-496D-95A6-1403F6F62DCB}.Debug|Any CPU.Build.0 = Debug|Any CPU
		{3B8EDAE9-EA03-496D-95A6-1403F6F62DCB}.Release|Any CPU.ActiveCfg = Release|Any CPU
		{3B8EDAE9-EA03-496D-95A6-1403F6F62DCB}.Release|Any CPU.Build.0 = Release|Any CPU
	EndGlobalSection
	GlobalSection(SolutionProperties) = preSolution
		HideSolutionNode = FALSE
	EndGlobalSection
	GlobalSection(ExtensibilityGlobals) = postSolution
		SolutionGuid = {775B9900-BAF4-4071-9B71-12E12BC66FE8}
	EndGlobalSection
EndGlobal
